<?xml version="1.0" encoding="utf-8"?>
<Project ToolsVersion="4.0" xmlns="http://schemas.microsoft.com/developer/msbuild/2003">
  <ItemGroup>
    <Filter Include="Common">
      <UniqueIdentifier>a4bd3c33-e173-4233-b52b-c5bfd57144c8</UniqueIdentifier>
    </Filter>
    <Filter Include="Assets">
      <UniqueIdentifier>c979f1c5-f7cd-46dd-805d-97511829bd44</UniqueIdentifier>
    </Filter>
    <Page Include="Common\StandardStyles.xaml">
      <Filter>Common</Filter>
    </Page>
    <Image Include="Assets\Logo.png">
      <Filter>Assets</Filter>
    </Image>
    <Image Include="Assets\SmallLogo.png">
      <Filter>Assets</Filter>
    </Image>
    <Image Include="Assets\StoreLogo.png">
      <Filter>Assets</Filter>
    </Image>
    <Image Include="Assets\SplashScreen.png">
      <Filter>Assets</Filter>
    </Image>
    <Filter Include="Classes">
      <UniqueIdentifier>{97c3b83c-49c5-4c12-b313-2ad896c789fb}</UniqueIdentifier>
    </Filter>
    <Filter Include="Classes\TopQX">
      <UniqueIdentifier>{69cb070a-1556-44b8-b89d-56731a3145bd}</UniqueIdentifier>
    </Filter>
    <Filter Include="Classes\TopQX\InputText">
      <UniqueIdentifier>{912387f8-bdb0-41f9-8ed5-0864abe3d5ee}</UniqueIdentifier>
    </Filter>
    <Filter Include="Classes\TopQX\Draw">
      <UniqueIdentifier>{a7085ae2-11cf-41aa-a0da-89a84e4aedc1}</UniqueIdentifier>
    </Filter>
  </ItemGroup>
  <ItemGroup>
    <ApplicationDefinition Include="App.xaml" />
  </ItemGroup>
  <ItemGroup>
    <ClCompile Include="App.xaml.cpp" />
    <ClCompile Include="pch.cpp" />
    <ClCompile Include="MainPage.xaml.cpp" />
    <ClCompile Include="..\Classes\AppDelegate.cpp">
      <Filter>Classes</Filter>
    </ClCompile>
    <ClCompile Include="..\Classes\HelloWorldScene.cpp">
      <Filter>Classes</Filter>
    </ClCompile>
    <ClCompile Include="..\Classes\TopQX\Objects2dFactory.cpp">
      <Filter>Classes\TopQX</Filter>
    </ClCompile>
    <ClCompile Include="..\Classes\TopQX\Objects2dHandler.cpp">
      <Filter>Classes\TopQX</Filter>
    </ClCompile>
    <ClCompile Include="..\Classes\TopQX\InputText\TextBox.cpp">
      <Filter>Classes\TopQX\InputText</Filter>
    </ClCompile>
    <ClCompile Include="..\Classes\TopQX\Draw\DrawSprite.cpp">
      <Filter>Classes\TopQX\Draw</Filter>
    </ClCompile>
    <ClCompile Include="..\Classes\TopQX\ScreenEngine.cpp">
      <Filter>Classes\TopQX</Filter>
    </ClCompile>
  </ItemGroup>
  <ItemGroup>
    <ClInclude Include="pch.h" />
    <ClInclude Include="App.xaml.h" />
    <ClInclude Include="MainPage.xaml.h" />
    <ClInclude Include="..\Classes\AppDelegate.h">
      <Filter>Classes</Filter>
    </ClInclude>
    <ClInclude Include="..\Classes\AppMacros.h">
      <Filter>Classes</Filter>
    </ClInclude>
    <ClInclude Include="..\Classes\HelloWorldScene.h">
      <Filter>Classes</Filter>
    </ClInclude>
    <ClInclude Include="..\Classes\TopQX\Objects2dFactory.h">
      <Filter>Classes\TopQX</Filter>
    </ClInclude>
    <ClInclude Include="..\Classes\TopQX\Objects2dHandler.h">
      <Filter>Classes\TopQX</Filter>
    </ClInclude>
    <ClInclude Include="..\Classes\TopQX\InputText\TextBox.h">
      <Filter>Classes\TopQX\InputText</Filter>
    </ClInclude>
    <ClInclude Include="..\Classes\TopQX\Draw\DrawSprite.h">
      <Filter>Classes\TopQX\Draw</Filter>
    </ClInclude>
    <ClInclude Include="..\Classes\TopQX\ScreenEngine.h">
      <Filter>Classes\TopQX</Filter>
    </ClInclude>
  </ItemGroup>
  <ItemGroup>
    <None Include="TemporaryKey.pfx" />
  </ItemGroup>
  <ItemGroup>
    <Page Include="MainPage.xaml" />
  </ItemGroup>
  <ItemGroup>
    <Image Include="Assets\WideLogo.png">
      <Filter>Assets</Filter>
    </Image>
  </ItemGroup>
  <ItemGroup>
    <AppxManifest Include="Package_2013.appxmanifest" />
  </ItemGroup>
</Project>